// !$*UTF8*$!
{
	archiveVersion = 1;
	classes = {
	};
	objectVersion = 46;
	objects = {

/* Begin PBXBuildFile section */
		883943F21F6882580023FE0E /* main.m in Sources */ = {isa = PBXBuildFile; fileRef = 883943F11F6882580023FE0E /* main.m */; };
		883943F51F6882580023FE0E /* AppDelegate.m in Sources */ = {isa = PBXBuildFile; fileRef = 883943F41F6882580023FE0E /* AppDelegate.m */; };
		883943F81F6882580023FE0E /* ViewController.m in Sources */ = {isa = PBXBuildFile; fileRef = 883943F71F6882580023FE0E /* ViewController.m */; };
		883943FB1F6882580023FE0E /* Main.storyboard in Resources */ = {isa = PBXBuildFile; fileRef = 883943F91F6882580023FE0E /* Main.storyboard */; };
		883943FD1F6882580023FE0E /* Assets.xcassets in Resources */ = {isa = PBXBuildFile; fileRef = 883943FC1F6882580023FE0E /* Assets.xcassets */; };
		883944001F6882580023FE0E /* LaunchScreen.storyboard in Resources */ = {isa = PBXBuildFile; fileRef = 883943FE1F6882580023FE0E /* LaunchScreen.storyboard */; };
		883944091F68901F0023FE0E /* Player.m in Sources */ = {isa = PBXBuildFile; fileRef = 883944081F68901F0023FE0E /* Player.m */; };
		8839440C1F6890440023FE0E /* GameModel.m in Sources */ = {isa = PBXBuildFile; fileRef = 8839440B1F6890440023FE0E /* GameModel.m */; };
		8839440F1F68A2790023FE0E /* QuestionManager.m in Sources */ = {isa = PBXBuildFile; fileRef = 8839440E1F68A2790023FE0E /* QuestionManager.m */; };
/* End PBXBuildFile section */

/* Begin PBXFileReference section */
		883943ED1F6882580023FE0E /* TwoPlayerMath.app */ = {isa = PBXFileReference; explicitFileType = wrapper.application; includeInIndex = 0; path = TwoPlayerMath.app; sourceTree = BUILT_PRODUCTS_DIR; };
		883943F11F6882580023FE0E /* main.m */ = {isa = PBXFileReference; lastKnownFileType = sourcecode.c.objc; path = main.m; sourceTree = "<group>"; };
		883943F31F6882580023FE0E /* AppDelegate.h */ = {isa = PBXFileReference; lastKnownFileType = sourcecode.c.h; path = AppDelegate.h; sourceTree = "<group>"; };
		883943F41F6882580023FE0E /* AppDelegate.m */ = {isa = PBXFileReference; lastKnownFileType = sourcecode.c.objc; path = AppDelegate.m; sourceTree = "<group>"; };
		883943F61F6882580023FE0E /* ViewController.h */ = {isa = PBXFileReference; lastKnownFileType = sourcecode.c.h; path = ViewController.h; sourceTree = "<group>"; };
		883943F71F6882580023FE0E /* ViewController.m */ = {isa = PBXFileReference; lastKnownFileType = sourcecode.c.objc; path = ViewController.m; sourceTree = "<group>"; };
		883943FA1F6882580023FE0E /* Base */ = {isa = PBXFileReference; lastKnownFileType = file.storyboard; name = Base; path = Base.lproj/Main.storyboard; sourceTree = "<group>"; };
		883943FC1F6882580023FE0E /* Assets.xcassets */ = {isa = PBXFileReference; lastKnownFileType = folder.assetcatalog; path = Assets.xcassets; sourceTree = "<group>"; };
		883943FF1F6882580023FE0E /* Base */ = {isa = PBXFileReference; lastKnownFileType = file.storyboard; name = Base; path = Base.lproj/LaunchScreen.storyboard; sourceTree = "<group>"; };
		883944011F6882580023FE0E /* Info.plist */ = {isa = PBXFileReference; lastKnownFileType = text.plist.xml; path = Info.plist; sourceTree = "<group>"; };
		883944071F68901F0023FE0E /* Player.h */ = {isa = PBXFileReference; fileEncoding = 4; lastKnownFileType = sourcecode.c.h; path = Player.h; sourceTree = "<group>"; };
		883944081F68901F0023FE0E /* Player.m */ = {isa = PBXFileReference; fileEncoding = 4; lastKnownFileType = sourcecode.c.objc; path = Player.m; sourceTree = "<group>"; };
		8839440A1F6890440023FE0E /* GameModel.h */ = {isa = PBXFileReference; fileEncoding = 4; lastKnownFileType = sourcecode.c.h; path = GameModel.h; sourceTree = "<group>"; };
		8839440B1F6890440023FE0E /* GameModel.m */ = {isa = PBXFileReference; fileEncoding = 4; lastKnownFileType = sourcecode.c.objc; path = GameModel.m; sourceTree = "<group>"; };
		8839440D1F68A2790023FE0E /* QuestionManager.h */ = {isa = PBXFileReference; fileEncoding = 4; lastKnownFileType = sourcecode.c.h; path = QuestionManager.h; sourceTree = "<group>"; };
		8839440E1F68A2790023FE0E /* QuestionManager.m */ = {isa = PBXFileReference; fileEncoding = 4; lastKnownFileType = sourcecode.c.objc; path = QuestionManager.m; sourceTree = "<group>"; };
/* End PBXFileReference section */

/* Begin PBXFrameworksBuildPhase section */
		883943EA1F6882580023FE0E /* Frameworks */ = {
			isa = PBXFrameworksBuildPhase;
			buildActionMask = 2147483647;
			files = (
			);
			runOnlyForDeploymentPostprocessing = 0;
		};
/* End PBXFrameworksBuildPhase section */

/* Begin PBXGroup section */
		883943E41F6882580023FE0E = {
			isa = PBXGroup;
			children = (
				883943EF1F6882580023FE0E /* TwoPlayerMath */,
				883943EE1F6882580023FE0E /* Products */,
			);
			sourceTree = "<group>";
		};
		883943EE1F6882580023FE0E /* Products */ = {
			isa = PBXGroup;
			children = (
				883943ED1F6882580023FE0E /* TwoPlayerMath.app */,
			);
			name = Products;
			sourceTree = "<group>";
		};
		883943EF1F6882580023FE0E /* TwoPlayerMath */ = {
			isa = PBXGroup;
			children = (
				883943F31F6882580023FE0E /* AppDelegate.h */,
				883943F41F6882580023FE0E /* AppDelegate.m */,
				883943F61F6882580023FE0E /* ViewController.h */,
				883943F71F6882580023FE0E /* ViewController.m */,
				883943F91F6882580023FE0E /* Main.storyboard */,
				883944071F68901F0023FE0E /* Player.h */,
				883944081F68901F0023FE0E /* Player.m */,
				8839440A1F6890440023FE0E /* GameModel.h */,
				8839440B1F6890440023FE0E /* GameModel.m */,
				8839440D1F68A2790023FE0E /* QuestionManager.h */,
				8839440E1F68A2790023FE0E /* QuestionManager.m */,
				883943F01F6882580023FE0E /* Supporting Files */,
			);
			path = TwoPlayerMath;
			sourceTree = "<group>";
		};
		883943F01F6882580023FE0E /* Supporting Files */ = {
			isa = PBXGroup;
			children = (
				883943FC1F6882580023FE0E /* Assets.xcassets */,
				883943FE1F6882580023FE0E /* LaunchScreen.storyboard */,
				883944011F6882580023FE0E /* Info.plist */,
				883943F11F6882580023FE0E /* main.m */,
			);
			name = "Supporting Files";
			sourceTree = "<group>";
		};
/* End PBXGroup section */

/* Begin PBXNativeTarget section */
		883943EC1F6882580023FE0E /* TwoPlayerMath */ = {
			isa = PBXNativeTarget;
			buildConfigurationList = 883944041F6882580023FE0E /* Build configuration list for PBXNativeTarget "TwoPlayerMath" */;
			buildPhases = (
				883943E91F6882580023FE0E /* Sources */,
				883943EA1F6882580023FE0E /* Frameworks */,
				883943EB1F6882580023FE0E /* Resources */,
			);
			buildRules = (
			);
			dependencies = (
			);
			name = TwoPlayerMath;
			productName = TwoPlayerMath;
			productReference = 883943ED1F6882580023FE0E /* TwoPlayerMath.app */;
			productType = "com.apple.product-type.application";
		};
/* End PBXNativeTarget section */

/* Begin PBXProject section */
		883943E51F6882580023FE0E /* Project object */ = {
			isa = PBXProject;
			attributes = {
				LastUpgradeCheck = 0830;
				ORGANIZATIONNAME = "Jaison Bhatti";
				TargetAttributes = {
					883943EC1F6882580023FE0E = {
						CreatedOnToolsVersion = 8.3.3;
						ProvisioningStyle = Automatic;
					};
				};
			};
			buildConfigurationList = 883943E81F6882580023FE0E /* Build configuration list for PBXProject "TwoPlayerMath" */;
			compatibilityVersion = "Xcode 3.2";
			developmentRegion = English;
			hasScannedForEncodings = 0;
			knownRegions = (
				en,
				Base,
			);
			mainGroup = 883943E41F6882580023FE0E;
			productRefGroup = 883943EE1F6882580023FE0E /* Products */;
			projectDirPath = "";
			projectRoot = "";
			targets = (
				883943EC1F6882580023FE0E /* TwoPlayerMath */,
			);
		};
/* End PBXProject section */

/* Begin PBXResourcesBuildPhase section */
		883943EB1F6882580023FE0E /* Resources */ = {
			isa = PBXResourcesBuildPhase;
			buildActionMask = 2147483647;
			files = (
				883944001F6882580023FE0E /* LaunchScreen.storyboard in Resources */,
				883943FD1F6882580023FE0E /* Assets.xcassets in Resources */,
				883943FB1F6882580023FE0E /* Main.storyboard in Resources */,
			);
			runOnlyForDeploymentPostprocessing = 0;
		};
/* End PBXResourcesBuildPhase section */

/* Begin PBXSourcesBuildPhase section */
		883943E91F6882580023FE0E /* Sources */ = {
			isa = PBXSourcesBuildPhase;
			buildActionMask = 2147483647;
			files = (
				883944091F68901F0023FE0E /* Player.m in Sources */,
				8839440F1F68A2790023FE0E /* QuestionManager.m in Sources */,
				883943F81F6882580023FE0E /* ViewController.m in Sources */,
				8839440C1F6890440023FE0E /* GameModel.m in Sources */,
				883943F51F6882580023FE0E /* AppDelegate.m in Sources */,
				883943F21F6882580023FE0E /* main.m in Sources */,
			);
			runOnlyForDeploymentPostprocessing = 0;
		};
/* End PBXSourcesBuildPhase section */

/* Begin PBXVariantGroup section */
		883943F91F6882580023FE0E /* Main.storyboard */ = {
			isa = PBXVariantGroup;
			children = (
				883943FA1F6882580023FE0E /* Base */,
			);
			name = Main.storyboard;
			sourceTree = "<group>";
		};
		883943FE1F6882580023FE0E /* LaunchScreen.storyboard */ = {
			isa = PBXVariantGroup;
			children = (
				883943FF1F6882580023FE0E /* Base */,
			);
			name = LaunchScreen.storyboard;
			sourceTree = "<group>";
		};
/* End PBXVariantGroup section */

/* Begin XCBuildConfiguration section */
		883944021F6882580023FE0E /* Debug */ = {
			isa = XCBuildConfiguration;
			buildSettings = {
				ALWAYS_SEARCH_USER_PATHS = NO;
				CLANG_ANALYZER_NONNULL = YES;
				CLANG_ANALYZER_NUMBER_OBJECT_CONVERSION = YES_AGGRESSIVE;
				CLANG_CXX_LANGUAGE_STANDARD = "gnu++0x";
				CLANG_CXX_LIBRARY = "libc++";
				CLANG_ENABLE_MODULES = YES;
				CLANG_ENABLE_OBJC_ARC = YES;
				CLANG_WARN_BOOL_CONVERSION = YES;
				CLANG_WARN_CONSTANT_CONVERSION = YES;
				CLANG_WARN_DIRECT_OBJC_ISA_USAGE = YES_ERROR;
				CLANG_WARN_DOCUMENTATION_COMMENTS = YES;
				CLANG_WARN_EMPTY_BODY = YES;
				CLANG_WARN_ENUM_CONVERSION = YES;
				CLANG_WARN_INFINITE_RECURSION = YES;
				CLANG_WARN_INT_CONVERSION = YES;
				CLANG_WARN_OBJC_ROOT_CLASS = YES_ERROR;
				CLANG_WARN_SUSPICIOUS_MOVE = YES;
				CLANG_WARN_UNREACHABLE_CODE = YES;
				CLANG_WARN__DUPLICATE_METHOD_MATCH = YES;
				"CODE_SIGN_IDENTITY[sdk=iphoneos*]" = "iPhone Developer";
				COPY_PHASE_STRIP = NO;
				DEBUG_INFORMATION_FORMAT = dwarf;
				ENABLE_STRICT_OBJC_MSGSEND = YES;
				ENABLE_TESTABILITY = YES;
				GCC_C_LANGUAGE_STANDARD = gnu99;
				GCC_DYNAMIC_NO_PIC = NO;
				GCC_NO_COMMON_BLOCKS = YES;
				GCC_OPTIMIZATION_LEVEL = 0;
				GCC_PREPROCESSOR_DEFINITIONS = (
					"DEBUG=1",
					"$(inherited)",
				);
				GCC_WARN_64_TO_32_BIT_CONVERSION = YES;
				GCC_WARN_ABOUT_RETURN_TYPE = YES_ERROR;
				GCC_WARN_UNDECLARED_SELECTOR = YES;
				GCC_WARN_UNINITIALIZED_AUTOS = YES_AGGRESSIVE;
				GCC_WARN_UNUSED_FUNCTION = YES;
				GCC_WARN_UNUSED_VARIABLE = YES;
				IPHONEOS_DEPLOYMENT_TARGET = 10.3;
				MTL_ENABLE_DEBUG_INFO = YES;
				ONLY_ACTIVE_ARCH = YES;
				SDKROOT = iphoneos;
			};
			name = Debug;
		};
		883944031F6882580023FE0E /* Release */ = {
			isa = XCBuildConfiguration;
			buildSettings = {
				ALWAYS_SEARCH_USER_PATHS = NO;
				CLANG_ANALYZER_NONNULL = YES;
				CLANG_ANALYZER_NUMBER_OBJECT_CONVERSION = YES_AGGRESSIVE;
				CLANG_CXX_LANGUAGE_STANDARD = "gnu++0x";
				CLANG_CXX_LIBRARY = "libc++";
				CLANG_ENABLE_MODULES = YES;
				CLANG_ENABLE_OBJC_ARC = YES;
				CLANG_WARN_BOOL_CONVERSION = YES;
				CLANG_WARN_CONSTANT_CONVERSION = YES;
				CLANG_WARN_DIRECT_OBJC_ISA_USAGE = YES_ERROR;
				CLANG_WARN_DOCUMENTATION_COMMENTS = YES;
				CLANG_WARN_EMPTY_BODY = YES;
				CLANG_WARN_ENUM_CONVERSION = YES;
				CLANG_WARN_INFINITE_RECURSION = YES;
				CLANG_WARN_INT_CONVERSION = YES;
				CLANG_WARN_OBJC_ROOT_CLASS = YES_ERROR;
				CLANG_WARN_SUSPICIOUS_MOVE = YES;
				CLANG_WARN_UNREACHABLE_CODE = YES;
				CLANG_WARN__DUPLICATE_METHOD_MATCH = YES;
				"CODE_SIGN_IDENTITY[sdk=iphoneos*]" = "iPhone Developer";
				COPY_PHASE_STRIP = NO;
				DEBUG_INFORMATION_FORMAT = "dwarf-with-dsym";
				ENABLE_NS_ASSERTIONS = NO;
				ENABLE_STRICT_OBJC_MSGSEND = YES;
				GCC_C_LANGUAGE_STANDARD = gnu99;
				GCC_NO_COMMON_BLOCKS = YES;
				GCC_WARN_64_TO_32_BIT_CONVERSION = YES;
				GCC_WARN_ABOUT_RETURN_TYPE = YES_ERROR;
				GCC_WARN_UNDECLARED_SELECTOR = YES;
				GCC_WARN_UNINITIALIZED_AUTOS = YES_AGGRESSIVE;
				GCC_WARN_UNUSED_FUNCTION = YES;
				GCC_WARN_UNUSED_VARIABLE = YES;
				IPHONEOS_DEPLOYMENT_TARGET = 10.3;
				MTL_ENABLE_DEBUG_INFO = NO;
				SDKROOT = iphoneos;
				VALIDATE_PRODUCT = YES;
			};
			name = Release;
		};
		883944051F6882580023FE0E /* Debug */ = {
			isa = XCBuildConfiguration;
			buildSettings = {
				ASSETCATALOG_COMPILER_APPICON_NAME = AppIcon;
				INFOPLIST_FILE = TwoPlayerMath/Info.plist;
				LD_RUNPATH_SEARCH_PATHS = "$(inherited) @executable_path/Frameworks";
				PRODUCT_BUNDLE_IDENTIFIER = com.jaisonbhatti.TwoPlayerMath;
				PRODUCT_NAME = "$(TARGET_NAME)";
			};
			name = Debug;
		};
		883944061F6882580023FE0E /* Release */ = {
			isa = XCBuildConfiguration;
			buildSettings = {
				ASSETCATALOG_COMPILER_APPICON_NAME = AppIcon;
				INFOPLIST_FILE = TwoPlayerMath/Info.plist;
				LD_RUNPATH_SEARCH_PATHS = "$(inherited) @executable_path/Frameworks";
				PRODUCT_BUNDLE_IDENTIFIER = com.jaisonbhatti.TwoPlayerMath;
				PRODUCT_NAME = "$(TARGET_NAME)";
			};
			name = Release;
		};
/* End XCBuildConfiguration section */

/* Begin XCConfigurationList section */
		883943E81F6882580023FE0E /* Build configuration list for PBXProject "TwoPlayerMath" */ = {
			isa = XCConfigurationList;
			buildConfigurations = (
				883944021F6882580023FE0E /* Debug */,
				883944031F6882580023FE0E /* Release */,
			);
			defaultConfigurationIsVisible = 0;
			defaultConfigurationName = Release;
		};
		883944041F6882580023FE0E /* Build configuration list for PBXNativeTarget "TwoPlayerMath" */ = {
			isa = XCConfigurationList;
			buildConfigurations = (
				883944051F6882580023FE0E /* Debug */,
				883944061F6882580023FE0E /* Release */,
			);
			defaultConfigurationIsVisible = 0;
		};
/* End XCConfigurationList section */
	};
	rootObject = 883943E51F6882580023FE0E /* Project object */;
}
